// !$*UTF8*$!
{
	archiveVersion = 1;
	classes = {
	};
	objectVersion = 46;
	objects = {

/* Begin PBXBuildFile section */
		04F73F0B1A8F774500DFA55D /* CSMLocationManager.m in Sources */ = {isa = PBXBuildFile; fileRef = 04F73F0A1A8F774500DFA55D /* CSMLocationManager.m */; };
		04F73F0E1A8F786500DFA55D /* CSMBeaconRegion.m in Sources */ = {isa = PBXBuildFile; fileRef = 04F73F0D1A8F786500DFA55D /* CSMBeaconRegion.m */; };
		FA9C993D1A8F50F0005F1BA3 /* main.m in Sources */ = {isa = PBXBuildFile; fileRef = FA9C993C1A8F50F0005F1BA3 /* main.m */; };
		FA9C99401A8F50F1005F1BA3 /* AppDelegate.m in Sources */ = {isa = PBXBuildFile; fileRef = FA9C993F1A8F50F1005F1BA3 /* AppDelegate.m */; };
		FA9C99431A8F50F1005F1BA3 /* FirstViewController.m in Sources */ = {isa = PBXBuildFile; fileRef = FA9C99421A8F50F1005F1BA3 /* FirstViewController.m */; };
		FA9C99461A8F50F1005F1BA3 /* SecondViewController.m in Sources */ = {isa = PBXBuildFile; fileRef = FA9C99451A8F50F1005F1BA3 /* SecondViewController.m */; };
		FA9C99491A8F50F1005F1BA3 /* Main.storyboard in Resources */ = {isa = PBXBuildFile; fileRef = FA9C99471A8F50F1005F1BA3 /* Main.storyboard */; };
		FA9C994B1A8F50F1005F1BA3 /* Images.xcassets in Resources */ = {isa = PBXBuildFile; fileRef = FA9C994A1A8F50F1005F1BA3 /* Images.xcassets */; };
		FA9C994E1A8F50F1005F1BA3 /* LaunchScreen.xib in Resources */ = {isa = PBXBuildFile; fileRef = FA9C994C1A8F50F1005F1BA3 /* LaunchScreen.xib */; };
		FA9C995A1A8F50F1005F1BA3 /* RSVPMe_HostTests.m in Sources */ = {isa = PBXBuildFile; fileRef = FA9C99591A8F50F1005F1BA3 /* RSVPMe_HostTests.m */; };
		FA9C99651A8F71E4005F1BA3 /* Bolts.framework in Frameworks */ = {isa = PBXBuildFile; fileRef = FA9C99631A8F71E4005F1BA3 /* Bolts.framework */; };
		FA9C99661A8F71E4005F1BA3 /* Parse.framework in Frameworks */ = {isa = PBXBuildFile; fileRef = FA9C99641A8F71E4005F1BA3 /* Parse.framework */; };
		FA9C99681A8F7265005F1BA3 /* AudioToolbox.framework in Frameworks */ = {isa = PBXBuildFile; fileRef = FA9C99671A8F7265005F1BA3 /* AudioToolbox.framework */; };
		FA9C996A1A8F726A005F1BA3 /* CFNetwork.framework in Frameworks */ = {isa = PBXBuildFile; fileRef = FA9C99691A8F726A005F1BA3 /* CFNetwork.framework */; };
		FA9C996C1A8F7270005F1BA3 /* CoreGraphics.framework in Frameworks */ = {isa = PBXBuildFile; fileRef = FA9C996B1A8F7270005F1BA3 /* CoreGraphics.framework */; };
		FA9C996E1A8F7278005F1BA3 /* CoreLocation.framework in Frameworks */ = {isa = PBXBuildFile; fileRef = FA9C996D1A8F7278005F1BA3 /* CoreLocation.framework */; };
		FA9C99701A8F727F005F1BA3 /* MobileCoreServices.framework in Frameworks */ = {isa = PBXBuildFile; fileRef = FA9C996F1A8F727F005F1BA3 /* MobileCoreServices.framework */; };
		FA9C99721A8F729B005F1BA3 /* CoreBluetooth.framework in Frameworks */ = {isa = PBXBuildFile; fileRef = FA9C99711A8F729B005F1BA3 /* CoreBluetooth.framework */; };
		FA9C99741A8F72B7005F1BA3 /* QuartzCore.framework in Frameworks */ = {isa = PBXBuildFile; fileRef = FA9C99731A8F72B7005F1BA3 /* QuartzCore.framework */; };
		FA9C99761A8F72BC005F1BA3 /* Security.framework in Frameworks */ = {isa = PBXBuildFile; fileRef = FA9C99751A8F72BC005F1BA3 /* Security.framework */; };
		FA9C99781A8F72C5005F1BA3 /* StoreKit.framework in Frameworks */ = {isa = PBXBuildFile; fileRef = FA9C99771A8F72C5005F1BA3 /* StoreKit.framework */; };
		FA9C997A1A8F72CA005F1BA3 /* SystemConfiguration.framework in Frameworks */ = {isa = PBXBuildFile; fileRef = FA9C99791A8F72CA005F1BA3 /* SystemConfiguration.framework */; };
		FA9C997C1A8F72D1005F1BA3 /* libz.dylib in Frameworks */ = {isa = PBXBuildFile; fileRef = FA9C997B1A8F72D1005F1BA3 /* libz.dylib */; };
		FA9C997E1A8F72D6005F1BA3 /* libsqlite3.dylib in Frameworks */ = {isa = PBXBuildFile; fileRef = FA9C997D1A8F72D6005F1BA3 /* libsqlite3.dylib */; };
/* End PBXBuildFile section */

/* Begin PBXContainerItemProxy section */
		FA9C99541A8F50F1005F1BA3 /* PBXContainerItemProxy */ = {
			isa = PBXContainerItemProxy;
			containerPortal = FA9C992F1A8F50F0005F1BA3 /* Project object */;
			proxyType = 1;
			remoteGlobalIDString = FA9C99361A8F50F0005F1BA3;
			remoteInfo = "RSVPMe-Host";
		};
/* End PBXContainerItemProxy section */

/* Begin PBXFileReference section */
		04F73F091A8F774500DFA55D /* CSMLocationManager.h */ = {isa = PBXFileReference; fileEncoding = 4; lastKnownFileType = sourcecode.c.h; path = CSMLocationManager.h; sourceTree = "<group>"; };
		04F73F0A1A8F774500DFA55D /* CSMLocationManager.m */ = {isa = PBXFileReference; fileEncoding = 4; lastKnownFileType = sourcecode.c.objc; path = CSMLocationManager.m; sourceTree = "<group>"; };
		04F73F0C1A8F786500DFA55D /* CSMBeaconRegion.h */ = {isa = PBXFileReference; fileEncoding = 4; lastKnownFileType = sourcecode.c.h; path = CSMBeaconRegion.h; sourceTree = "<group>"; };
		04F73F0D1A8F786500DFA55D /* CSMBeaconRegion.m */ = {isa = PBXFileReference; fileEncoding = 4; lastKnownFileType = sourcecode.c.objc; path = CSMBeaconRegion.m; sourceTree = "<group>"; };
		FA9C99371A8F50F0005F1BA3 /* RSVPMe-Host.app */ = {isa = PBXFileReference; explicitFileType = wrapper.application; includeInIndex = 0; path = "RSVPMe-Host.app"; sourceTree = BUILT_PRODUCTS_DIR; };
		FA9C993B1A8F50F0005F1BA3 /* Info.plist */ = {isa = PBXFileReference; lastKnownFileType = text.plist.xml; path = Info.plist; sourceTree = "<group>"; };
		FA9C993C1A8F50F0005F1BA3 /* main.m */ = {isa = PBXFileReference; lastKnownFileType = sourcecode.c.objc; path = main.m; sourceTree = "<group>"; };
		FA9C993E1A8F50F0005F1BA3 /* AppDelegate.h */ = {isa = PBXFileReference; lastKnownFileType = sourcecode.c.h; path = AppDelegate.h; sourceTree = "<group>"; };
		FA9C993F1A8F50F1005F1BA3 /* AppDelegate.m */ = {isa = PBXFileReference; lastKnownFileType = sourcecode.c.objc; path = AppDelegate.m; sourceTree = "<group>"; };
		FA9C99411A8F50F1005F1BA3 /* FirstViewController.h */ = {isa = PBXFileReference; lastKnownFileType = sourcecode.c.h; path = FirstViewController.h; sourceTree = "<group>"; };
		FA9C99421A8F50F1005F1BA3 /* FirstViewController.m */ = {isa = PBXFileReference; lastKnownFileType = sourcecode.c.objc; path = FirstViewController.m; sourceTree = "<group>"; };
		FA9C99441A8F50F1005F1BA3 /* SecondViewController.h */ = {isa = PBXFileReference; lastKnownFileType = sourcecode.c.h; path = SecondViewController.h; sourceTree = "<group>"; };
		FA9C99451A8F50F1005F1BA3 /* SecondViewController.m */ = {isa = PBXFileReference; lastKnownFileType = sourcecode.c.objc; path = SecondViewController.m; sourceTree = "<group>"; };
		FA9C99481A8F50F1005F1BA3 /* Base */ = {isa = PBXFileReference; lastKnownFileType = file.storyboard; name = Base; path = Base.lproj/Main.storyboard; sourceTree = "<group>"; };
		FA9C994A1A8F50F1005F1BA3 /* Images.xcassets */ = {isa = PBXFileReference; lastKnownFileType = folder.assetcatalog; path = Images.xcassets; sourceTree = "<group>"; };
		FA9C994D1A8F50F1005F1BA3 /* Base */ = {isa = PBXFileReference; lastKnownFileType = file.xib; name = Base; path = Base.lproj/LaunchScreen.xib; sourceTree = "<group>"; };
		FA9C99531A8F50F1005F1BA3 /* RSVPMe-HostTests.xctest */ = {isa = PBXFileReference; explicitFileType = wrapper.cfbundle; includeInIndex = 0; path = "RSVPMe-HostTests.xctest"; sourceTree = BUILT_PRODUCTS_DIR; };
		FA9C99581A8F50F1005F1BA3 /* Info.plist */ = {isa = PBXFileReference; lastKnownFileType = text.plist.xml; path = Info.plist; sourceTree = "<group>"; };
		FA9C99591A8F50F1005F1BA3 /* RSVPMe_HostTests.m */ = {isa = PBXFileReference; lastKnownFileType = sourcecode.c.objc; path = RSVPMe_HostTests.m; sourceTree = "<group>"; };
		FA9C99631A8F71E4005F1BA3 /* Bolts.framework */ = {isa = PBXFileReference; lastKnownFileType = wrapper.framework; path = Bolts.framework; sourceTree = "<group>"; };
		FA9C99641A8F71E4005F1BA3 /* Parse.framework */ = {isa = PBXFileReference; lastKnownFileType = wrapper.framework; path = Parse.framework; sourceTree = "<group>"; };
		FA9C99671A8F7265005F1BA3 /* AudioToolbox.framework */ = {isa = PBXFileReference; lastKnownFileType = wrapper.framework; name = AudioToolbox.framework; path = System/Library/Frameworks/AudioToolbox.framework; sourceTree = SDKROOT; };
		FA9C99691A8F726A005F1BA3 /* CFNetwork.framework */ = {isa = PBXFileReference; lastKnownFileType = wrapper.framework; name = CFNetwork.framework; path = System/Library/Frameworks/CFNetwork.framework; sourceTree = SDKROOT; };
		FA9C996B1A8F7270005F1BA3 /* CoreGraphics.framework */ = {isa = PBXFileReference; lastKnownFileType = wrapper.framework; name = CoreGraphics.framework; path = System/Library/Frameworks/CoreGraphics.framework; sourceTree = SDKROOT; };
		FA9C996D1A8F7278005F1BA3 /* CoreLocation.framework */ = {isa = PBXFileReference; lastKnownFileType = wrapper.framework; name = CoreLocation.framework; path = System/Library/Frameworks/CoreLocation.framework; sourceTree = SDKROOT; };
		FA9C996F1A8F727F005F1BA3 /* MobileCoreServices.framework */ = {isa = PBXFileReference; lastKnownFileType = wrapper.framework; name = MobileCoreServices.framework; path = System/Library/Frameworks/MobileCoreServices.framework; sourceTree = SDKROOT; };
		FA9C99711A8F729B005F1BA3 /* CoreBluetooth.framework */ = {isa = PBXFileReference; lastKnownFileType = wrapper.framework; name = CoreBluetooth.framework; path = System/Library/Frameworks/CoreBluetooth.framework; sourceTree = SDKROOT; };
		FA9C99731A8F72B7005F1BA3 /* QuartzCore.framework */ = {isa = PBXFileReference; lastKnownFileType = wrapper.framework; name = QuartzCore.framework; path = System/Library/Frameworks/QuartzCore.framework; sourceTree = SDKROOT; };
		FA9C99751A8F72BC005F1BA3 /* Security.framework */ = {isa = PBXFileReference; lastKnownFileType = wrapper.framework; name = Security.framework; path = System/Library/Frameworks/Security.framework; sourceTree = SDKROOT; };
		FA9C99771A8F72C5005F1BA3 /* StoreKit.framework */ = {isa = PBXFileReference; lastKnownFileType = wrapper.framework; name = StoreKit.framework; path = System/Library/Frameworks/StoreKit.framework; sourceTree = SDKROOT; };
		FA9C99791A8F72CA005F1BA3 /* SystemConfiguration.framework */ = {isa = PBXFileReference; lastKnownFileType = wrapper.framework; name = SystemConfiguration.framework; path = System/Library/Frameworks/SystemConfiguration.framework; sourceTree = SDKROOT; };
		FA9C997B1A8F72D1005F1BA3 /* libz.dylib */ = {isa = PBXFileReference; lastKnownFileType = "compiled.mach-o.dylib"; name = libz.dylib; path = usr/lib/libz.dylib; sourceTree = SDKROOT; };
		FA9C997D1A8F72D6005F1BA3 /* libsqlite3.dylib */ = {isa = PBXFileReference; lastKnownFileType = "compiled.mach-o.dylib"; name = libsqlite3.dylib; path = usr/lib/libsqlite3.dylib; sourceTree = SDKROOT; };
/* End PBXFileReference section */

/* Begin PBXFrameworksBuildPhase section */
		FA9C99341A8F50F0005F1BA3 /* Frameworks */ = {
			isa = PBXFrameworksBuildPhase;
			buildActionMask = 2147483647;
			files = (
				FA9C997E1A8F72D6005F1BA3 /* libsqlite3.dylib in Frameworks */,
				FA9C997C1A8F72D1005F1BA3 /* libz.dylib in Frameworks */,
				FA9C997A1A8F72CA005F1BA3 /* SystemConfiguration.framework in Frameworks */,
				FA9C99781A8F72C5005F1BA3 /* StoreKit.framework in Frameworks */,
				FA9C99761A8F72BC005F1BA3 /* Security.framework in Frameworks */,
				FA9C99741A8F72B7005F1BA3 /* QuartzCore.framework in Frameworks */,
				FA9C99721A8F729B005F1BA3 /* CoreBluetooth.framework in Frameworks */,
				FA9C99701A8F727F005F1BA3 /* MobileCoreServices.framework in Frameworks */,
				FA9C996E1A8F7278005F1BA3 /* CoreLocation.framework in Frameworks */,
				FA9C996C1A8F7270005F1BA3 /* CoreGraphics.framework in Frameworks */,
				FA9C996A1A8F726A005F1BA3 /* CFNetwork.framework in Frameworks */,
				FA9C99681A8F7265005F1BA3 /* AudioToolbox.framework in Frameworks */,
				FA9C99661A8F71E4005F1BA3 /* Parse.framework in Frameworks */,
				FA9C99651A8F71E4005F1BA3 /* Bolts.framework in Frameworks */,
			);
			runOnlyForDeploymentPostprocessing = 0;
		};
		FA9C99501A8F50F1005F1BA3 /* Frameworks */ = {
			isa = PBXFrameworksBuildPhase;
			buildActionMask = 2147483647;
			files = (
			);
			runOnlyForDeploymentPostprocessing = 0;
		};
/* End PBXFrameworksBuildPhase section */

/* Begin PBXGroup section */
		FA9C992E1A8F50F0005F1BA3 = {
			isa = PBXGroup;
			children = (
				FA9C997D1A8F72D6005F1BA3 /* libsqlite3.dylib */,
				FA9C997B1A8F72D1005F1BA3 /* libz.dylib */,
				FA9C99791A8F72CA005F1BA3 /* SystemConfiguration.framework */,
				FA9C99771A8F72C5005F1BA3 /* StoreKit.framework */,
				FA9C99751A8F72BC005F1BA3 /* Security.framework */,
				FA9C99731A8F72B7005F1BA3 /* QuartzCore.framework */,
				FA9C99711A8F729B005F1BA3 /* CoreBluetooth.framework */,
				FA9C996F1A8F727F005F1BA3 /* MobileCoreServices.framework */,
				FA9C996D1A8F7278005F1BA3 /* CoreLocation.framework */,
				FA9C996B1A8F7270005F1BA3 /* CoreGraphics.framework */,
				FA9C99691A8F726A005F1BA3 /* CFNetwork.framework */,
				FA9C99671A8F7265005F1BA3 /* AudioToolbox.framework */,
				FA9C99631A8F71E4005F1BA3 /* Bolts.framework */,
				FA9C99641A8F71E4005F1BA3 /* Parse.framework */,
				FA9C99391A8F50F0005F1BA3 /* RSVPMe-Host */,
				FA9C99561A8F50F1005F1BA3 /* RSVPMe-HostTests */,
				FA9C99381A8F50F0005F1BA3 /* Products */,
			);
			sourceTree = "<group>";
		};
		FA9C99381A8F50F0005F1BA3 /* Products */ = {
			isa = PBXGroup;
			children = (
				FA9C99371A8F50F0005F1BA3 /* RSVPMe-Host.app */,
				FA9C99531A8F50F1005F1BA3 /* RSVPMe-HostTests.xctest */,
			);
			name = Products;
			sourceTree = "<group>";
		};
		FA9C99391A8F50F0005F1BA3 /* RSVPMe-Host */ = {
			isa = PBXGroup;
			children = (
				FA9C993E1A8F50F0005F1BA3 /* AppDelegate.h */,
				FA9C993F1A8F50F1005F1BA3 /* AppDelegate.m */,
				FA9C99411A8F50F1005F1BA3 /* FirstViewController.h */,
				04F73F091A8F774500DFA55D /* CSMLocationManager.h */,
				04F73F0A1A8F774500DFA55D /* CSMLocationManager.m */,
				04F73F0C1A8F786500DFA55D /* CSMBeaconRegion.h */,
				04F73F0D1A8F786500DFA55D /* CSMBeaconRegion.m */,
				FA9C99421A8F50F1005F1BA3 /* FirstViewController.m */,
				FA9C99441A8F50F1005F1BA3 /* SecondViewController.h */,
				FA9C99451A8F50F1005F1BA3 /* SecondViewController.m */,
				FA9C99471A8F50F1005F1BA3 /* Main.storyboard */,
				FA9C994A1A8F50F1005F1BA3 /* Images.xcassets */,
				FA9C994C1A8F50F1005F1BA3 /* LaunchScreen.xib */,
				FA9C993A1A8F50F0005F1BA3 /* Supporting Files */,
			);
			path = "RSVPMe-Host";
			sourceTree = "<group>";
		};
		FA9C993A1A8F50F0005F1BA3 /* Supporting Files */ = {
			isa = PBXGroup;
			children = (
				FA9C993B1A8F50F0005F1BA3 /* Info.plist */,
				FA9C993C1A8F50F0005F1BA3 /* main.m */,
			);
			name = "Supporting Files";
			sourceTree = "<group>";
		};
		FA9C99561A8F50F1005F1BA3 /* RSVPMe-HostTests */ = {
			isa = PBXGroup;
			children = (
				FA9C99591A8F50F1005F1BA3 /* RSVPMe_HostTests.m */,
				FA9C99571A8F50F1005F1BA3 /* Supporting Files */,
			);
			path = "RSVPMe-HostTests";
			sourceTree = "<group>";
		};
		FA9C99571A8F50F1005F1BA3 /* Supporting Files */ = {
			isa = PBXGroup;
			children = (
				FA9C99581A8F50F1005F1BA3 /* Info.plist */,
			);
			name = "Supporting Files";
			sourceTree = "<group>";
		};
/* End PBXGroup section */

/* Begin PBXNativeTarget section */
		FA9C99361A8F50F0005F1BA3 /* RSVPMe-Host */ = {
			isa = PBXNativeTarget;
			buildConfigurationList = FA9C995D1A8F50F1005F1BA3 /* Build configuration list for PBXNativeTarget "RSVPMe-Host" */;
			buildPhases = (
				FA9C99331A8F50F0005F1BA3 /* Sources */,
				FA9C99341A8F50F0005F1BA3 /* Frameworks */,
				FA9C99351A8F50F0005F1BA3 /* Resources */,
			);
			buildRules = (
			);
			dependencies = (
			);
			name = "RSVPMe-Host";
			productName = "RSVPMe-Host";
			productReference = FA9C99371A8F50F0005F1BA3 /* RSVPMe-Host.app */;
			productType = "com.apple.product-type.application";
		};
		FA9C99521A8F50F1005F1BA3 /* RSVPMe-HostTests */ = {
			isa = PBXNativeTarget;
			buildConfigurationList = FA9C99601A8F50F1005F1BA3 /* Build configuration list for PBXNativeTarget "RSVPMe-HostTests" */;
			buildPhases = (
				FA9C994F1A8F50F1005F1BA3 /* Sources */,
				FA9C99501A8F50F1005F1BA3 /* Frameworks */,
				FA9C99511A8F50F1005F1BA3 /* Resources */,
			);
			buildRules = (
			);
			dependencies = (
				FA9C99551A8F50F1005F1BA3 /* PBXTargetDependency */,
			);
			name = "RSVPMe-HostTests";
			productName = "RSVPMe-HostTests";
			productReference = FA9C99531A8F50F1005F1BA3 /* RSVPMe-HostTests.xctest */;
			productType = "com.apple.product-type.bundle.unit-test";
		};
/* End PBXNativeTarget section */

/* Begin PBXProject section */
		FA9C992F1A8F50F0005F1BA3 /* Project object */ = {
			isa = PBXProject;
			attributes = {
				LastUpgradeCheck = 0610;
				ORGANIZATIONNAME = RSVPME;
				TargetAttributes = {
					FA9C99361A8F50F0005F1BA3 = {
						CreatedOnToolsVersion = 6.1.1;
					};
					FA9C99521A8F50F1005F1BA3 = {
						CreatedOnToolsVersion = 6.1.1;
						TestTargetID = FA9C99361A8F50F0005F1BA3;
					};
				};
			};
			buildConfigurationList = FA9C99321A8F50F0005F1BA3 /* Build configuration list for PBXProject "RSVPMe-Host" */;
			compatibilityVersion = "Xcode 3.2";
			developmentRegion = English;
			hasScannedForEncodings = 0;
			knownRegions = (
				en,
				Base,
			);
			mainGroup = FA9C992E1A8F50F0005F1BA3;
			productRefGroup = FA9C99381A8F50F0005F1BA3 /* Products */;
			projectDirPath = "";
			projectRoot = "";
			targets = (
				FA9C99361A8F50F0005F1BA3 /* RSVPMe-Host */,
				FA9C99521A8F50F1005F1BA3 /* RSVPMe-HostTests */,
			);
		};
/* End PBXProject section */

/* Begin PBXResourcesBuildPhase section */
		FA9C99351A8F50F0005F1BA3 /* Resources */ = {
			isa = PBXResourcesBuildPhase;
			buildActionMask = 2147483647;
			files = (
				FA9C99491A8F50F1005F1BA3 /* Main.storyboard in Resources */,
				FA9C994E1A8F50F1005F1BA3 /* LaunchScreen.xib in Resources */,
				FA9C994B1A8F50F1005F1BA3 /* Images.xcassets in Resources */,
			);
			runOnlyForDeploymentPostprocessing = 0;
		};
		FA9C99511A8F50F1005F1BA3 /* Resources */ = {
			isa = PBXResourcesBuildPhase;
			buildActionMask = 2147483647;
			files = (
			);
			runOnlyForDeploymentPostprocessing = 0;
		};
/* End PBXResourcesBuildPhase section */

/* Begin PBXSourcesBuildPhase section */
		FA9C99331A8F50F0005F1BA3 /* Sources */ = {
			isa = PBXSourcesBuildPhase;
			buildActionMask = 2147483647;
			files = (
				FA9C99461A8F50F1005F1BA3 /* SecondViewController.m in Sources */,
				FA9C99401A8F50F1005F1BA3 /* AppDelegate.m in Sources */,
				FA9C99431A8F50F1005F1BA3 /* FirstViewController.m in Sources */,
				FA9C993D1A8F50F0005F1BA3 /* main.m in Sources */,
				04F73F0B1A8F774500DFA55D /* CSMLocationManager.m in Sources */,
				04F73F0E1A8F786500DFA55D /* CSMBeaconRegion.m in Sources */,
			);
			runOnlyForDeploymentPostprocessing = 0;
		};
		FA9C994F1A8F50F1005F1BA3 /* Sources */ = {
			isa = PBXSourcesBuildPhase;
			buildActionMask = 2147483647;
			files = (
				FA9C995A1A8F50F1005F1BA3 /* RSVPMe_HostTests.m in Sources */,
			);
			runOnlyForDeploymentPostprocessing = 0;
		};
/* End PBXSourcesBuildPhase section */

/* Begin PBXTargetDependency section */
		FA9C99551A8F50F1005F1BA3 /* PBXTargetDependency */ = {
			isa = PBXTargetDependency;
			target = FA9C99361A8F50F0005F1BA3 /* RSVPMe-Host */;
			targetProxy = FA9C99541A8F50F1005F1BA3 /* PBXContainerItemProxy */;
		};
/* End PBXTargetDependency section */

/* Begin PBXVariantGroup section */
		FA9C99471A8F50F1005F1BA3 /* Main.storyboard */ = {
			isa = PBXVariantGroup;
			children = (
				FA9C99481A8F50F1005F1BA3 /* Base */,
			);
			name = Main.storyboard;
			sourceTree = "<group>";
		};
		FA9C994C1A8F50F1005F1BA3 /* LaunchScreen.xib */ = {
			isa = PBXVariantGroup;
			children = (
				FA9C994D1A8F50F1005F1BA3 /* Base */,
			);
			name = LaunchScreen.xib;
			sourceTree = "<group>";
		};
/* End PBXVariantGroup section */

/* Begin XCBuildConfiguration section */
		FA9C995B1A8F50F1005F1BA3 /* Debug */ = {
			isa = XCBuildConfiguration;
			buildSettings = {
				ALWAYS_SEARCH_USER_PATHS = NO;
				CLANG_CXX_LANGUAGE_STANDARD = "gnu++0x";
				CLANG_CXX_LIBRARY = "libc++";
				CLANG_ENABLE_MODULES = YES;
				CLANG_ENABLE_OBJC_ARC = YES;
				CLANG_WARN_BOOL_CONVERSION = YES;
				CLANG_WARN_CONSTANT_CONVERSION = YES;
				CLANG_WARN_DIRECT_OBJC_ISA_USAGE = YES_ERROR;
				CLANG_WARN_EMPTY_BODY = YES;
				CLANG_WARN_ENUM_CONVERSION = YES;
				CLANG_WARN_INT_CONVERSION = YES;
				CLANG_WARN_OBJC_ROOT_CLASS = YES_ERROR;
				CLANG_WARN_UNREACHABLE_CODE = YES;
				CLANG_WARN__DUPLICATE_METHOD_MATCH = YES;
				"CODE_SIGN_IDENTITY[sdk=iphoneos*]" = "iPhone Developer";
				COPY_PHASE_STRIP = NO;
				ENABLE_STRICT_OBJC_MSGSEND = YES;
				GCC_C_LANGUAGE_STANDARD = gnu99;
				GCC_DYNAMIC_NO_PIC = NO;
				GCC_OPTIMIZATION_LEVEL = 0;
				GCC_PREPROCESSOR_DEFINITIONS = (
					"DEBUG=1",
					"$(inherited)",
				);
				GCC_SYMBOLS_PRIVATE_EXTERN = NO;
				GCC_WARN_64_TO_32_BIT_CONVERSION = YES;
				GCC_WARN_ABOUT_RETURN_TYPE = YES_ERROR;
				GCC_WARN_UNDECLARED_SELECTOR = YES;
				GCC_WARN_UNINITIALIZED_AUTOS = YES_AGGRESSIVE;
				GCC_WARN_UNUSED_FUNCTION = YES;
				GCC_WARN_UNUSED_VARIABLE = YES;
				IPHONEOS_DEPLOYMENT_TARGET = 8.1;
				MTL_ENABLE_DEBUG_INFO = YES;
				ONLY_ACTIVE_ARCH = YES;
				SDKROOT = iphoneos;
				TARGETED_DEVICE_FAMILY = 2;
			};
			name = Debug;
		};
		FA9C995C1A8F50F1005F1BA3 /* Release */ = {
			isa = XCBuildConfiguration;
			buildSettings = {
				ALWAYS_SEARCH_USER_PATHS = NO;
				CLANG_CXX_LANGUAGE_STANDARD = "gnu++0x";
				CLANG_CXX_LIBRARY = "libc++";
				CLANG_ENABLE_MODULES = YES;
				CLANG_ENABLE_OBJC_ARC = YES;
				CLANG_WARN_BOOL_CONVERSION = YES;
				CLANG_WARN_CONSTANT_CONVERSION = YES;
				CLANG_WARN_DIRECT_OBJC_ISA_USAGE = YES_ERROR;
				CLANG_WARN_EMPTY_BODY = YES;
				CLANG_WARN_ENUM_CONVERSION = YES;
				CLANG_WARN_INT_CONVERSION = YES;
				CLANG_WARN_OBJC_ROOT_CLASS = YES_ERROR;
				CLANG_WARN_UNREACHABLE_CODE = YES;
				CLANG_WARN__DUPLICATE_METHOD_MATCH = YES;
				"CODE_SIGN_IDENTITY[sdk=iphoneos*]" = "iPhone Developer";
				COPY_PHASE_STRIP = YES;
				ENABLE_NS_ASSERTIONS = NO;
				ENABLE_STRICT_OBJC_MSGSEND = YES;
				GCC_C_LANGUAGE_STANDARD = gnu99;
				GCC_WARN_64_TO_32_BIT_CONVERSION = YES;
				GCC_WARN_ABOUT_RETURN_TYPE = YES_ERROR;
				GCC_WARN_UNDECLARED_SELECTOR = YES;
				GCC_WARN_UNINITIALIZED_AUTOS = YES_AGGRESSIVE;
				GCC_WARN_UNUSED_FUNCTION = YES;
				GCC_WARN_UNUSED_VARIABLE = YES;
				IPHONEOS_DEPLOYMENT_TARGET = 8.1;
				MTL_ENABLE_DEBUG_INFO = NO;
				SDKROOT = iphoneos;
				TARGETED_DEVICE_FAMILY = 2;
				VALIDATE_PRODUCT = YES;
			};
			name = Release;
		};
		FA9C995E1A8F50F1005F1BA3 /* Debug */ = {
			isa = XCBuildConfiguration;
			buildSettings = {
				ASSETCATALOG_COMPILER_APPICON_NAME = AppIcon;
				CODE_SIGN_IDENTITY = "Apple Development IOS Push Services: com.rsvpme.host";
				FRAMEWORK_SEARCH_PATHS = (
					"$(inherited)",
					"$(PROJECT_DIR)",
				);
				INFOPLIST_FILE = "RSVPMe-Host/Info.plist";
				LD_RUNPATH_SEARCH_PATHS = "$(inherited) @executable_path/Frameworks";
				PRODUCT_NAME = "$(TARGET_NAME)";
			};
			name = Debug;
		};
		FA9C995F1A8F50F1005F1BA3 /* Release */ = {
			isa = XCBuildConfiguration;
			buildSettings = {
				ASSETCATALOG_COMPILER_APPICON_NAME = AppIcon;
				CODE_SIGN_IDENTITY = "Apple Development IOS Push Services: com.rsvpme.host";
				FRAMEWORK_SEARCH_PATHS = (
					"$(inherited)",
					"$(PROJECT_DIR)",
				);
				INFOPLIST_FILE = "RSVPMe-Host/Info.plist";
				LD_RUNPATH_SEARCH_PATHS = "$(inherited) @executable_path/Frameworks";
				PRODUCT_NAME = "$(TARGET_NAME)";
			};
			name = Release;
		};
		FA9C99611A8F50F1005F1BA3 /* Debug */ = {
			isa = XCBuildConfiguration;
			buildSettings = {
				BUNDLE_LOADER = "$(TEST_HOST)";
				FRAMEWORK_SEARCH_PATHS = (
					"$(SDKROOT)/Developer/Library/Frameworks",
					"$(inherited)",
				);
				GCC_PREPROCESSOR_DEFINITIONS = (
					"DEBUG=1",
					"$(inherited)",
				);
				INFOPLIST_FILE = "RSVPMe-HostTests/Info.plist";
				LD_RUNPATH_SEARCH_PATHS = "$(inherited) @executable_path/Frameworks @loader_path/Frameworks";
				PRODUCT_NAME = "$(TARGET_NAME)";
				TEST_HOST = "$(BUILT_PRODUCTS_DIR)/RSVPMe-Host.app/RSVPMe-Host";
			};
			name = Debug;
		};
		FA9C99621A8F50F1005F1BA3 /* Release */ = {
			isa = XCBuildConfiguration;
			buildSettings = {
				BUNDLE_LOADER = "$(TEST_HOST)";
				FRAMEWORK_SEARCH_PATHS = (
					"$(SDKROOT)/Developer/Library/Frameworks",
					"$(inherited)",
				);
				INFOPLIST_FILE = "RSVPMe-HostTests/Info.plist";
				LD_RUNPATH_SEARCH_PATHS = "$(inherited) @executable_path/Frameworks @loader_path/Frameworks";
				PRODUCT_NAME = "$(TARGET_NAME)";
				TEST_HOST = "$(BUILT_PRODUCTS_DIR)/RSVPMe-Host.app/RSVPMe-Host";
			};
			name = Release;
		};
/* End XCBuildConfiguration section */

/* Begin XCConfigurationList section */
		FA9C99321A8F50F0005F1BA3 /* Build configuration list for PBXProject "RSVPMe-Host" */ = {
			isa = XCConfigurationList;
			buildConfigurations = (
				FA9C995B1A8F50F1005F1BA3 /* Debug */,
				FA9C995C1A8F50F1005F1BA3 /* Release */,
			);
			defaultConfigurationIsVisible = 0;
			defaultConfigurationName = Release;
		};
		FA9C995D1A8F50F1005F1BA3 /* Build configuration list for PBXNativeTarget "RSVPMe-Host" */ = {
			isa = XCConfigurationList;
			buildConfigurations = (
				FA9C995E1A8F50F1005F1BA3 /* Debug */,
				FA9C995F1A8F50F1005F1BA3 /* Release */,
			);
			defaultConfigurationIsVisible = 0;
			defaultConfigurationName = Release;
		};
		FA9C99601A8F50F1005F1BA3 /* Build configuration list for PBXNativeTarget "RSVPMe-HostTests" */ = {
			isa = XCConfigurationList;
			buildConfigurations = (
				FA9C99611A8F50F1005F1BA3 /* Debug */,
				FA9C99621A8F50F1005F1BA3 /* Release */,
			);
			defaultConfigurationIsVisible = 0;
			defaultConfigurationName = Release;
		};
/* End XCConfigurationList section */
	};
	rootObject = FA9C992F1A8F50F0005F1BA3 /* Project object */;
}
